
Microsoft Visual Studio Solution File, Format Version 12.00
# Visual Studio Version 16
VisualStudioVersion = 16.0.31205.134
MinimumVisualStudioVersion = 10.0.40219.1
Project("{FAE04EC0-301F-11D3-BF4B-00C04F79EFBC}") = "TestAPIConsole", "TestAPIConsole.csproj", "{A2FF7CC9-62C1-4D7C-AA6C-B72C0DBE1BDA}"
EndProject
Global
	GlobalSection(SolutionConfigurationPlatforms) = preSolution
		Debug|Any CPU = Debug|Any CPU
		Release|Any CPU = Release|Any CPU
	EndGlobalSection
	GlobalSection(ProjectConfigurationPlatforms) = postSolution
		{A2FF7CC9-62C1-4D7C-AA6C-B72C0DBE1BDA}.Debug|Any CPU.ActiveCfg = Debug|Any CPU
		{A2FF7CC9-62C1-4D7C-AA6C-B72C0DBE1BDA}.Debug|Any CPU.Build.0 = Debug|Any CPU
		{A2FF7CC9-62C1-4D7C-AA6C-B72C0DBE1BDA}.Release|Any CPU.ActiveCfg = Release|Any CPU
		{A2FF7CC9-62C1-4D7C-AA6C-B72C0DBE1BDA}.Release|Any CPU.Build.0 = Release|Any CPU
	EndGlobalSection
	GlobalSection(SolutionProperties) = preSolution
		HideSolutionNode = FALSE
	EndGlobalSection
	GlobalSection(ExtensibilityGlobals) = postSolution
		SolutionGuid = {61E5C47F-3373-4AB4-94A5-CF3A956EA38A}
	EndGlobalSection
EndGlobal
